
Microsoft Visual Studio Solution File, Format Version 12.00
# Visual Studio Version 16
VisualStudioVersion = 16.0.30907.101
MinimumVisualStudioVersion = 10.0.40219.1
Project("{FAE04EC0-301F-11D3-BF4B-00C04F79EFBC}") = "InvoiceApp.Api", "InvoiceApp.Api\InvoiceApp.Api.csproj", "{E260AF8D-5598-44CA-A807-B29F5457B23C}"
EndProject
Global
	GlobalSection(SolutionConfigurationPlatforms) = preSolution
		Debug|Any CPU = Debug|Any CPU
		Release|Any CPU = Release|Any CPU
	EndGlobalSection
	GlobalSection(ProjectConfigurationPlatforms) = postSolution
		{E260AF8D-5598-44CA-A807-B29F5457B23C}.Debug|Any CPU.ActiveCfg = Debug|Any CPU
		{E260AF8D-5598-44CA-A807-B29F5457B23C}.Debug|Any CPU.Build.0 = Debug|Any CPU
		{E260AF8D-5598-44CA-A807-B29F5457B23C}.Release|Any CPU.ActiveCfg = Release|Any CPU
		{E260AF8D-5598-44CA-A807-B29F5457B23C}.Release|Any CPU.Build.0 = Release|Any CPU
	EndGlobalSection
	GlobalSection(SolutionProperties) = preSolution
		HideSolutionNode = FALSE
	EndGlobalSection
	GlobalSection(ExtensibilityGlobals) = postSolution
		SolutionGuid = {1812A0EB-DA73-4B98-BAF3-54269EF65B70}
	EndGlobalSection
EndGlobal
